// !$*UTF8*$!
{
	archiveVersion = 1;
	classes = {
	};
	objectVersion = 50;
	objects = {

/* Begin PBXBuildFile section */
		1DE4E5C5270A5CCE004A30CA /* AppDelegate.swift in Sources */ = {isa = PBXBuildFile; fileRef = 1DE4E5C4270A5CCE004A30CA /* AppDelegate.swift */; };
		1DE4E5C7270A5CCE004A30CA /* SceneDelegate.swift in Sources */ = {isa = PBXBuildFile; fileRef = 1DE4E5C6270A5CCE004A30CA /* SceneDelegate.swift */; };
		1DE4E5C9270A5CCE004A30CA /* LoginViewController.swift in Sources */ = {isa = PBXBuildFile; fileRef = 1DE4E5C8270A5CCE004A30CA /* LoginViewController.swift */; };
		1DE4E5CC270A5CCE004A30CA /* Main.storyboard in Resources */ = {isa = PBXBuildFile; fileRef = 1DE4E5CA270A5CCE004A30CA /* Main.storyboard */; };
		1DE4E5CE270A5CD0004A30CA /* Assets.xcassets in Resources */ = {isa = PBXBuildFile; fileRef = 1DE4E5CD270A5CD0004A30CA /* Assets.xcassets */; };
		1DE4E5D1270A5CD0004A30CA /* LaunchScreen.storyboard in Resources */ = {isa = PBXBuildFile; fileRef = 1DE4E5CF270A5CD0004A30CA /* LaunchScreen.storyboard */; };
		6E090A332835E68D006EC04F /* EmptyStateUI.swift in Sources */ = {isa = PBXBuildFile; fileRef = 6E090A322835E68D006EC04F /* EmptyStateUI.swift */; };
		6E867AAD284DCC170051E9A4 /* Models.swift in Sources */ = {isa = PBXBuildFile; fileRef = 6E867AAC284DCC170051E9A4 /* Models.swift */; };
		6E867AB2284DCCE00051E9A4 /* ActivityCollectionViewCell.swift in Sources */ = {isa = PBXBuildFile; fileRef = 6E867AB1284DCCE00051E9A4 /* ActivityCollectionViewCell.swift */; };
		6E867AB4284F19FD0051E9A4 /* ActivityPauseStopView.swift in Sources */ = {isa = PBXBuildFile; fileRef = 6E867AB3284F19FD0051E9A4 /* ActivityPauseStopView.swift */; };
		6E867AB6284F1CF00051E9A4 /* ButtonViewСircle.swift in Sources */ = {isa = PBXBuildFile; fileRef = 6E867AB5284F1CF00051E9A4 /* ButtonViewСircle.swift */; };
		6E8F27FC284878AA00C5575B /* fefuactivity.xcdatamodeld in Sources */ = {isa = PBXBuildFile; fileRef = 6E8F27FA284878AA00C5575B /* fefuactivity.xcdatamodeld */; };
		6E91563E2823A7380027B1DE /* logoView.swift in Sources */ = {isa = PBXBuildFile; fileRef = 6E91563D2823A7380027B1DE /* logoView.swift */; };
		6E9156402824CD560027B1DE /* FlexScrollView.swift in Sources */ = {isa = PBXBuildFile; fileRef = 6E91563F2824CD560027B1DE /* FlexScrollView.swift */; };
		6E9C7251284DBDAF00F428DC /* ActivityStartView.swift in Sources */ = {isa = PBXBuildFile; fileRef = 6E9C7250284DBDAF00F428DC /* ActivityStartView.swift */; };
		6EA7BDD7282B955B00C18233 /* TableViewCell.swift in Sources */ = {isa = PBXBuildFile; fileRef = 6EA7BDD6282B955B00C18233 /* TableViewCell.swift */; };
		6EA7BDE0282BB0DF00C18233 /* ActivityViewController.swift in Sources */ = {isa = PBXBuildFile; fileRef = 6EA7BDDF282BB0DF00C18233 /* ActivityViewController.swift */; };
		6EA7BDE2282E0BB800C18233 /* TabBarController.swift in Sources */ = {isa = PBXBuildFile; fileRef = 6EA7BDE1282E0BB800C18233 /* TabBarController.swift */; };
		6EB7657128222DE4005CC9D8 /* HelloScreenViewController.swift in Sources */ = {isa = PBXBuildFile; fileRef = 6EB7657028222DE4005CC9D8 /* HelloScreenViewController.swift */; };
		6EB7657328223180005CC9D8 /* RegistrationViewController.swift in Sources */ = {isa = PBXBuildFile; fileRef = 6EB7657228223180005CC9D8 /* RegistrationViewController.swift */; };
		6EB7657528223486005CC9D8 /* ButtonView.swift in Sources */ = {isa = PBXBuildFile; fileRef = 6EB7657428223486005CC9D8 /* ButtonView.swift */; };
		6EB765792822480E005CC9D8 /* Color.swift in Sources */ = {isa = PBXBuildFile; fileRef = 6EB765782822480E005CC9D8 /* Color.swift */; };
		6EB7657B28227FC5005CC9D8 /* Font.swift in Sources */ = {isa = PBXBuildFile; fileRef = 6EB7657A28227FC5005CC9D8 /* Font.swift */; };
		6EFDC2F32837504B00EE2D2F /* ActivityDetailsViewController.swift in Sources */ = {isa = PBXBuildFile; fileRef = 6EFDC2F22837504B00EE2D2F /* ActivityDetailsViewController.swift */; };
		6EFDC2FF283F560200EE2D2F /* CreateActivityViewController.swift in Sources */ = {isa = PBXBuildFile; fileRef = 6EFDC2FE283F560200EE2D2F /* CreateActivityViewController.swift */; };
/* End PBXBuildFile section */

/* Begin PBXFileReference section */
		1DE4E5C1270A5CCE004A30CA /* fefuactivity.app */ = {isa = PBXFileReference; explicitFileType = wrapper.application; includeInIndex = 0; path = fefuactivity.app; sourceTree = BUILT_PRODUCTS_DIR; };
		1DE4E5C4270A5CCE004A30CA /* AppDelegate.swift */ = {isa = PBXFileReference; lastKnownFileType = sourcecode.swift; path = AppDelegate.swift; sourceTree = "<group>"; };
		1DE4E5C6270A5CCE004A30CA /* SceneDelegate.swift */ = {isa = PBXFileReference; lastKnownFileType = sourcecode.swift; path = SceneDelegate.swift; sourceTree = "<group>"; };
		1DE4E5C8270A5CCE004A30CA /* LoginViewController.swift */ = {isa = PBXFileReference; lastKnownFileType = sourcecode.swift; path = LoginViewController.swift; sourceTree = "<group>"; };
		1DE4E5CB270A5CCE004A30CA /* Base */ = {isa = PBXFileReference; lastKnownFileType = file.storyboard; name = Base; path = Base.lproj/Main.storyboard; sourceTree = "<group>"; };
		1DE4E5CD270A5CD0004A30CA /* Assets.xcassets */ = {isa = PBXFileReference; lastKnownFileType = folder.assetcatalog; path = Assets.xcassets; sourceTree = "<group>"; };
		1DE4E5D0270A5CD0004A30CA /* Base */ = {isa = PBXFileReference; lastKnownFileType = file.storyboard; name = Base; path = Base.lproj/LaunchScreen.storyboard; sourceTree = "<group>"; };
		1DE4E5D2270A5CD0004A30CA /* Info.plist */ = {isa = PBXFileReference; lastKnownFileType = text.plist.xml; path = Info.plist; sourceTree = "<group>"; };
		6E090A322835E68D006EC04F /* EmptyStateUI.swift */ = {isa = PBXFileReference; lastKnownFileType = sourcecode.swift; path = EmptyStateUI.swift; sourceTree = "<group>"; };
		6E867AAC284DCC170051E9A4 /* Models.swift */ = {isa = PBXFileReference; lastKnownFileType = sourcecode.swift; path = Models.swift; sourceTree = "<group>"; };
		6E867AB1284DCCE00051E9A4 /* ActivityCollectionViewCell.swift */ = {isa = PBXFileReference; lastKnownFileType = sourcecode.swift; path = ActivityCollectionViewCell.swift; sourceTree = "<group>"; };
		6E867AB3284F19FD0051E9A4 /* ActivityPauseStopView.swift */ = {isa = PBXFileReference; lastKnownFileType = sourcecode.swift; path = ActivityPauseStopView.swift; sourceTree = "<group>"; };
		6E867AB5284F1CF00051E9A4 /* ButtonViewСircle.swift */ = {isa = PBXFileReference; lastKnownFileType = sourcecode.swift; path = "ButtonViewСircle.swift"; sourceTree = "<group>"; };
		6E8F27FB284878AA00C5575B /* fefuactivity.xcdatamodel */ = {isa = PBXFileReference; lastKnownFileType = wrapper.xcdatamodel; path = fefuactivity.xcdatamodel; sourceTree = "<group>"; };
		6E91551228470FEF0016FF17 /* FakeLocation.gpx */ = {isa = PBXFileReference; lastKnownFileType = text.xml; path = FakeLocation.gpx; sourceTree = "<group>"; };
		6E91563D2823A7380027B1DE /* logoView.swift */ = {isa = PBXFileReference; lastKnownFileType = sourcecode.swift; path = logoView.swift; sourceTree = "<group>"; };
		6E91563F2824CD560027B1DE /* FlexScrollView.swift */ = {isa = PBXFileReference; lastKnownFileType = sourcecode.swift; path = FlexScrollView.swift; sourceTree = "<group>"; };
		6E9C7250284DBDAF00F428DC /* ActivityStartView.swift */ = {isa = PBXFileReference; lastKnownFileType = sourcecode.swift; path = ActivityStartView.swift; sourceTree = "<group>"; };
		6EA7BDD6282B955B00C18233 /* TableViewCell.swift */ = {isa = PBXFileReference; lastKnownFileType = sourcecode.swift; path = TableViewCell.swift; sourceTree = "<group>"; };
		6EA7BDDF282BB0DF00C18233 /* ActivityViewController.swift */ = {isa = PBXFileReference; lastKnownFileType = sourcecode.swift; path = ActivityViewController.swift; sourceTree = "<group>"; };
		6EA7BDE1282E0BB800C18233 /* TabBarController.swift */ = {isa = PBXFileReference; lastKnownFileType = sourcecode.swift; path = TabBarController.swift; sourceTree = "<group>"; };
		6EB7657028222DE4005CC9D8 /* HelloScreenViewController.swift */ = {isa = PBXFileReference; lastKnownFileType = sourcecode.swift; path = HelloScreenViewController.swift; sourceTree = "<group>"; };
		6EB7657228223180005CC9D8 /* RegistrationViewController.swift */ = {isa = PBXFileReference; lastKnownFileType = sourcecode.swift; path = RegistrationViewController.swift; sourceTree = "<group>"; };
		6EB7657428223486005CC9D8 /* ButtonView.swift */ = {isa = PBXFileReference; lastKnownFileType = sourcecode.swift; path = ButtonView.swift; sourceTree = "<group>"; };
		6EB765782822480E005CC9D8 /* Color.swift */ = {isa = PBXFileReference; lastKnownFileType = sourcecode.swift; path = Color.swift; sourceTree = "<group>"; };
		6EB7657A28227FC5005CC9D8 /* Font.swift */ = {isa = PBXFileReference; lastKnownFileType = sourcecode.swift; path = Font.swift; sourceTree = "<group>"; };
		6EFDC2F22837504B00EE2D2F /* ActivityDetailsViewController.swift */ = {isa = PBXFileReference; lastKnownFileType = sourcecode.swift; path = ActivityDetailsViewController.swift; sourceTree = "<group>"; };
		6EFDC2FE283F560200EE2D2F /* CreateActivityViewController.swift */ = {isa = PBXFileReference; lastKnownFileType = sourcecode.swift; path = CreateActivityViewController.swift; sourceTree = "<group>"; };
/* End PBXFileReference section */

/* Begin PBXFrameworksBuildPhase section */
		1DE4E5BE270A5CCE004A30CA /* Frameworks */ = {
			isa = PBXFrameworksBuildPhase;
			buildActionMask = 2147483647;
			files = (
			);
			runOnlyForDeploymentPostprocessing = 0;
		};
/* End PBXFrameworksBuildPhase section */

/* Begin PBXGroup section */
		1DE4E5B8270A5CCE004A30CA = {
			isa = PBXGroup;
			children = (
				6EFDC2F9283CB1F200EE2D2F /* Resurces */,
				6E8F27FA284878AA00C5575B /* fefuactivity.xcdatamodeld */,
				6EFDC2FD283F55E400EE2D2F /* Lesson 3 */,
				6EA7BDD8282B9EAD00C18233 /* Lesson 1 */,
				6EA7BDDC282B9F2F00C18233 /* Lesson 2 */,
				6EB765762822447D005CC9D8 /* UIComponents */,
				1DE4E5C2270A5CCE004A30CA /* Products */,
			);
			sourceTree = "<group>";
		};
		1DE4E5C2270A5CCE004A30CA /* Products */ = {
			isa = PBXGroup;
			children = (
				1DE4E5C1270A5CCE004A30CA /* fefuactivity.app */,
			);
			name = Products;
			sourceTree = "<group>";
		};
		6E867AAA284DCBF60051E9A4 /* Models */ = {
			isa = PBXGroup;
			children = (
				6E867AAC284DCC170051E9A4 /* Models.swift */,
			);
			path = Models;
			sourceTree = "<group>";
		};
		6E867AAB284DCC030051E9A4 /* Location */ = {
			isa = PBXGroup;
			children = (
				6E91551228470FEF0016FF17 /* FakeLocation.gpx */,
			);
			path = Location;
			sourceTree = "<group>";
		};
		6E867AAE284DCC570051E9A4 /* CreateActivityViewController */ = {
			isa = PBXGroup;
			children = (
				6E867AAF284DCC700051E9A4 /* UIComponents */,
				6EFDC2FE283F560200EE2D2F /* CreateActivityViewController.swift */,
				6E867AAA284DCBF60051E9A4 /* Models */,
			);
			path = CreateActivityViewController;
			sourceTree = "<group>";
		};
		6E867AAF284DCC700051E9A4 /* UIComponents */ = {
			isa = PBXGroup;
			children = (
				6E9C7250284DBDAF00F428DC /* ActivityStartView.swift */,
				6E867AB3284F19FD0051E9A4 /* ActivityPauseStopView.swift */,
				6E867AB0284DCCC10051E9A4 /* Cell */,
			);
			path = UIComponents;
			sourceTree = "<group>";
		};
		6E867AB0284DCCC10051E9A4 /* Cell */ = {
			isa = PBXGroup;
			children = (
				6E867AB1284DCCE00051E9A4 /* ActivityCollectionViewCell.swift */,
			);
			path = Cell;
			sourceTree = "<group>";
		};
		6EA7BDD8282B9EAD00C18233 /* Lesson 1 */ = {
			isa = PBXGroup;
			children = (
				6EA7BDDB282B9EEE00C18233 /* HelloScreenViewController */,
				6EFDC2FB283CB35700EE2D2F /* RegistrationViewController */,
				6EA7BDDA282B9ED900C18233 /* LoginViewController */,
			);
			path = "Lesson 1";
			sourceTree = "<group>";
		};
		6EA7BDDA282B9ED900C18233 /* LoginViewController */ = {
			isa = PBXGroup;
			children = (
				1DE4E5C8270A5CCE004A30CA /* LoginViewController.swift */,
			);
			path = LoginViewController;
			sourceTree = "<group>";
		};
		6EA7BDDB282B9EEE00C18233 /* HelloScreenViewController */ = {
			isa = PBXGroup;
			children = (
				6EB7657028222DE4005CC9D8 /* HelloScreenViewController.swift */,
			);
			path = HelloScreenViewController;
			sourceTree = "<group>";
		};
		6EA7BDDC282B9F2F00C18233 /* Lesson 2 */ = {
			isa = PBXGroup;
			children = (
				6EFDC2F6283CB15C00EE2D2F /* ActivityViewController */,
				6EA7BDDD282B9F3B00C18233 /* TabBarController */,
				6EFDC2F8283CB1B400EE2D2F /* ActivityDetailsViewController */,
			);
			path = "Lesson 2";
			sourceTree = "<group>";
		};
		6EA7BDDD282B9F3B00C18233 /* TabBarController */ = {
			isa = PBXGroup;
			children = (
				6EA7BDE1282E0BB800C18233 /* TabBarController.swift */,
			);
			path = TabBarController;
			sourceTree = "<group>";
		};
		6EB765762822447D005CC9D8 /* UIComponents */ = {
			isa = PBXGroup;
			children = (
				6EB7657428223486005CC9D8 /* ButtonView.swift */,
				6E867AB5284F1CF00051E9A4 /* ButtonViewСircle.swift */,
				6EB765782822480E005CC9D8 /* Color.swift */,
				6EB7657A28227FC5005CC9D8 /* Font.swift */,
				6E91563D2823A7380027B1DE /* logoView.swift */,
				6E91563F2824CD560027B1DE /* FlexScrollView.swift */,
			);
			path = UIComponents;
			sourceTree = "<group>";
		};
		6EFDC2F6283CB15C00EE2D2F /* ActivityViewController */ = {
			isa = PBXGroup;
			children = (
				6EFDC2FA283CB2F300EE2D2F /* UIComponents */,
				6EA7BDDF282BB0DF00C18233 /* ActivityViewController.swift */,
			);
			path = ActivityViewController;
			sourceTree = "<group>";
		};
		6EFDC2F8283CB1B400EE2D2F /* ActivityDetailsViewController */ = {
			isa = PBXGroup;
			children = (
				6EFDC2F22837504B00EE2D2F /* ActivityDetailsViewController.swift */,
			);
			path = ActivityDetailsViewController;
			sourceTree = "<group>";
		};
		6EFDC2F9283CB1F200EE2D2F /* Resurces */ = {
			isa = PBXGroup;
			children = (
				1DE4E5D2270A5CD0004A30CA /* Info.plist */,
				1DE4E5CF270A5CD0004A30CA /* LaunchScreen.storyboard */,
				1DE4E5CD270A5CD0004A30CA /* Assets.xcassets */,
				1DE4E5C6270A5CCE004A30CA /* SceneDelegate.swift */,
				1DE4E5C4270A5CCE004A30CA /* AppDelegate.swift */,
				1DE4E5CA270A5CCE004A30CA /* Main.storyboard */,
			);
			path = Resurces;
			sourceTree = "<group>";
		};
		6EFDC2FA283CB2F300EE2D2F /* UIComponents */ = {
			isa = PBXGroup;
			children = (
				6EFDC2FC283CB37000EE2D2F /* Cells */,
				6E090A322835E68D006EC04F /* EmptyStateUI.swift */,
			);
			path = UIComponents;
			sourceTree = "<group>";
		};
		6EFDC2FB283CB35700EE2D2F /* RegistrationViewController */ = {
			isa = PBXGroup;
			children = (
				6EB7657228223180005CC9D8 /* RegistrationViewController.swift */,
			);
			path = RegistrationViewController;
			sourceTree = "<group>";
		};
		6EFDC2FC283CB37000EE2D2F /* Cells */ = {
			isa = PBXGroup;
			children = (
				6EA7BDD6282B955B00C18233 /* TableViewCell.swift */,
			);
			path = Cells;
			sourceTree = "<group>";
		};
		6EFDC2FD283F55E400EE2D2F /* Lesson 3 */ = {
			isa = PBXGroup;
			children = (
				6E867AAE284DCC570051E9A4 /* CreateActivityViewController */,
				6E867AAB284DCC030051E9A4 /* Location */,
			);
			path = "Lesson 3";
			sourceTree = "<group>";
		};
/* End PBXGroup section */

/* Begin PBXNativeTarget section */
		1DE4E5C0270A5CCE004A30CA /* fefuactivity */ = {
			isa = PBXNativeTarget;
			buildConfigurationList = 1DE4E5D5270A5CD0004A30CA /* Build configuration list for PBXNativeTarget "fefuactivity" */;
			buildPhases = (
				1DE4E5BD270A5CCE004A30CA /* Sources */,
				1DE4E5BE270A5CCE004A30CA /* Frameworks */,
				1DE4E5BF270A5CCE004A30CA /* Resources */,
			);
			buildRules = (
			);
			dependencies = (
			);
			name = fefuactivity;
			productName = fefuactivity;
			productReference = 1DE4E5C1270A5CCE004A30CA /* fefuactivity.app */;
			productType = "com.apple.product-type.application";
		};
/* End PBXNativeTarget section */

/* Begin PBXProject section */
		1DE4E5B9270A5CCE004A30CA /* Project object */ = {
			isa = PBXProject;
			attributes = {
				LastSwiftUpdateCheck = 1250;
				LastUpgradeCheck = 1250;
				TargetAttributes = {
					1DE4E5C0270A5CCE004A30CA = {
						CreatedOnToolsVersion = 12.5;
					};
				};
			};
			buildConfigurationList = 1DE4E5BC270A5CCE004A30CA /* Build configuration list for PBXProject "fefuactivity" */;
			compatibilityVersion = "Xcode 9.3";
			developmentRegion = en;
			hasScannedForEncodings = 0;
			knownRegions = (
				en,
				Base,
			);
			mainGroup = 1DE4E5B8270A5CCE004A30CA;
			productRefGroup = 1DE4E5C2270A5CCE004A30CA /* Products */;
			projectDirPath = "";
			projectRoot = "";
			targets = (
				1DE4E5C0270A5CCE004A30CA /* fefuactivity */,
			);
		};
/* End PBXProject section */

/* Begin PBXResourcesBuildPhase section */
		1DE4E5BF270A5CCE004A30CA /* Resources */ = {
			isa = PBXResourcesBuildPhase;
			buildActionMask = 2147483647;
			files = (
				1DE4E5D1270A5CD0004A30CA /* LaunchScreen.storyboard in Resources */,
				1DE4E5CE270A5CD0004A30CA /* Assets.xcassets in Resources */,
				1DE4E5CC270A5CCE004A30CA /* Main.storyboard in Resources */,
			);
			runOnlyForDeploymentPostprocessing = 0;
		};
/* End PBXResourcesBuildPhase section */

/* Begin PBXSourcesBuildPhase section */
		1DE4E5BD270A5CCE004A30CA /* Sources */ = {
			isa = PBXSourcesBuildPhase;
			buildActionMask = 2147483647;
			files = (
				6E867AB6284F1CF00051E9A4 /* ButtonViewСircle.swift in Sources */,
				6E91563E2823A7380027B1DE /* logoView.swift in Sources */,
				6E090A332835E68D006EC04F /* EmptyStateUI.swift in Sources */,
				6EA7BDE2282E0BB800C18233 /* TabBarController.swift in Sources */,
				1DE4E5C9270A5CCE004A30CA /* LoginViewController.swift in Sources */,
				6E867AB4284F19FD0051E9A4 /* ActivityPauseStopView.swift in Sources */,
				6EB7657128222DE4005CC9D8 /* HelloScreenViewController.swift in Sources */,
				1DE4E5C5270A5CCE004A30CA /* AppDelegate.swift in Sources */,
				6E9156402824CD560027B1DE /* FlexScrollView.swift in Sources */,
				6E8F27FC284878AA00C5575B /* fefuactivity.xcdatamodeld in Sources */,
				1DE4E5C7270A5CCE004A30CA /* SceneDelegate.swift in Sources */,
				6E9C7251284DBDAF00F428DC /* ActivityStartView.swift in Sources */,
				6E867AB2284DCCE00051E9A4 /* ActivityCollectionViewCell.swift in Sources */,
				6EB7657B28227FC5005CC9D8 /* Font.swift in Sources */,
				6EB7657328223180005CC9D8 /* RegistrationViewController.swift in Sources */,
				6EFDC2F32837504B00EE2D2F /* ActivityDetailsViewController.swift in Sources */,
				6EA7BDD7282B955B00C18233 /* TableViewCell.swift in Sources */,
				6EA7BDE0282BB0DF00C18233 /* ActivityViewController.swift in Sources */,
				6E867AAD284DCC170051E9A4 /* Models.swift in Sources */,
				6EB7657528223486005CC9D8 /* ButtonView.swift in Sources */,
				6EB765792822480E005CC9D8 /* Color.swift in Sources */,
				6EFDC2FF283F560200EE2D2F /* CreateActivityViewController.swift in Sources */,
			);
			runOnlyForDeploymentPostprocessing = 0;
		};
/* End PBXSourcesBuildPhase section */

/* Begin PBXVariantGroup section */
		1DE4E5CA270A5CCE004A30CA /* Main.storyboard */ = {
			isa = PBXVariantGroup;
			children = (
				1DE4E5CB270A5CCE004A30CA /* Base */,
			);
			name = Main.storyboard;
			sourceTree = "<group>";
		};
		1DE4E5CF270A5CD0004A30CA /* LaunchScreen.storyboard */ = {
			isa = PBXVariantGroup;
			children = (
				1DE4E5D0270A5CD0004A30CA /* Base */,
			);
			name = LaunchScreen.storyboard;
			sourceTree = "<group>";
		};
/* End PBXVariantGroup section */

/* Begin XCBuildConfiguration section */
		1DE4E5D3270A5CD0004A30CA /* Debug */ = {
			isa = XCBuildConfiguration;
			buildSettings = {
				ALWAYS_SEARCH_USER_PATHS = NO;
				CLANG_ANALYZER_NONNULL = YES;
				CLANG_ANALYZER_NUMBER_OBJECT_CONVERSION = YES_AGGRESSIVE;
				CLANG_CXX_LANGUAGE_STANDARD = "gnu++14";
				CLANG_CXX_LIBRARY = "libc++";
				CLANG_ENABLE_MODULES = YES;
				CLANG_ENABLE_OBJC_ARC = YES;
				CLANG_ENABLE_OBJC_WEAK = YES;
				CLANG_WARN_BLOCK_CAPTURE_AUTORELEASING = YES;
				CLANG_WARN_BOOL_CONVERSION = YES;
				CLANG_WARN_COMMA = YES;
				CLANG_WARN_CONSTANT_CONVERSION = YES;
				CLANG_WARN_DEPRECATED_OBJC_IMPLEMENTATIONS = YES;
				CLANG_WARN_DIRECT_OBJC_ISA_USAGE = YES_ERROR;
				CLANG_WARN_DOCUMENTATION_COMMENTS = YES;
				CLANG_WARN_EMPTY_BODY = YES;
				CLANG_WARN_ENUM_CONVERSION = YES;
				CLANG_WARN_INFINITE_RECURSION = YES;
				CLANG_WARN_INT_CONVERSION = YES;
				CLANG_WARN_NON_LITERAL_NULL_CONVERSION = YES;
				CLANG_WARN_OBJC_IMPLICIT_RETAIN_SELF = YES;
				CLANG_WARN_OBJC_LITERAL_CONVERSION = YES;
				CLANG_WARN_OBJC_ROOT_CLASS = YES_ERROR;
				CLANG_WARN_QUOTED_INCLUDE_IN_FRAMEWORK_HEADER = YES;
				CLANG_WARN_RANGE_LOOP_ANALYSIS = YES;
				CLANG_WARN_STRICT_PROTOTYPES = YES;
				CLANG_WARN_SUSPICIOUS_MOVE = YES;
				CLANG_WARN_UNGUARDED_AVAILABILITY = YES_AGGRESSIVE;
				CLANG_WARN_UNREACHABLE_CODE = YES;
				CLANG_WARN__DUPLICATE_METHOD_MATCH = YES;
				COPY_PHASE_STRIP = NO;
				DEBUG_INFORMATION_FORMAT = dwarf;
				ENABLE_STRICT_OBJC_MSGSEND = YES;
				ENABLE_TESTABILITY = YES;
				GCC_C_LANGUAGE_STANDARD = gnu11;
				GCC_DYNAMIC_NO_PIC = NO;
				GCC_NO_COMMON_BLOCKS = YES;
				GCC_OPTIMIZATION_LEVEL = 0;
				GCC_PREPROCESSOR_DEFINITIONS = (
					"DEBUG=1",
					"$(inherited)",
				);
				GCC_WARN_64_TO_32_BIT_CONVERSION = YES;
				GCC_WARN_ABOUT_RETURN_TYPE = YES_ERROR;
				GCC_WARN_UNDECLARED_SELECTOR = YES;
				GCC_WARN_UNINITIALIZED_AUTOS = YES_AGGRESSIVE;
				GCC_WARN_UNUSED_FUNCTION = YES;
				GCC_WARN_UNUSED_VARIABLE = YES;
				IPHONEOS_DEPLOYMENT_TARGET = 14.5;
				MTL_ENABLE_DEBUG_INFO = INCLUDE_SOURCE;
				MTL_FAST_MATH = YES;
				ONLY_ACTIVE_ARCH = YES;
				SDKROOT = iphoneos;
				SWIFT_ACTIVE_COMPILATION_CONDITIONS = DEBUG;
				SWIFT_OPTIMIZATION_LEVEL = "-Onone";
			};
			name = Debug;
		};
		1DE4E5D4270A5CD0004A30CA /* Release */ = {
			isa = XCBuildConfiguration;
			buildSettings = {
				ALWAYS_SEARCH_USER_PATHS = NO;
				CLANG_ANALYZER_NONNULL = YES;
				CLANG_ANALYZER_NUMBER_OBJECT_CONVERSION = YES_AGGRESSIVE;
				CLANG_CXX_LANGUAGE_STANDARD = "gnu++14";
				CLANG_CXX_LIBRARY = "libc++";
				CLANG_ENABLE_MODULES = YES;
				CLANG_ENABLE_OBJC_ARC = YES;
				CLANG_ENABLE_OBJC_WEAK = YES;
				CLANG_WARN_BLOCK_CAPTURE_AUTORELEASING = YES;
				CLANG_WARN_BOOL_CONVERSION = YES;
				CLANG_WARN_COMMA = YES;
				CLANG_WARN_CONSTANT_CONVERSION = YES;
				CLANG_WARN_DEPRECATED_OBJC_IMPLEMENTATIONS = YES;
				CLANG_WARN_DIRECT_OBJC_ISA_USAGE = YES_ERROR;
				CLANG_WARN_DOCUMENTATION_COMMENTS = YES;
				CLANG_WARN_EMPTY_BODY = YES;
				CLANG_WARN_ENUM_CONVERSION = YES;
				CLANG_WARN_INFINITE_RECURSION = YES;
				CLANG_WARN_INT_CONVERSION = YES;
				CLANG_WARN_NON_LITERAL_NULL_CONVERSION = YES;
				CLANG_WARN_OBJC_IMPLICIT_RETAIN_SELF = YES;
				CLANG_WARN_OBJC_LITERAL_CONVERSION = YES;
				CLANG_WARN_OBJC_ROOT_CLASS = YES_ERROR;
				CLANG_WARN_QUOTED_INCLUDE_IN_FRAMEWORK_HEADER = YES;
				CLANG_WARN_RANGE_LOOP_ANALYSIS = YES;
				CLANG_WARN_STRICT_PROTOTYPES = YES;
				CLANG_WARN_SUSPICIOUS_MOVE = YES;
				CLANG_WARN_UNGUARDED_AVAILABILITY = YES_AGGRESSIVE;
				CLANG_WARN_UNREACHABLE_CODE = YES;
				CLANG_WARN__DUPLICATE_METHOD_MATCH = YES;
				COPY_PHASE_STRIP = NO;
				DEBUG_INFORMATION_FORMAT = "dwarf-with-dsym";
				ENABLE_NS_ASSERTIONS = NO;
				ENABLE_STRICT_OBJC_MSGSEND = YES;
				GCC_C_LANGUAGE_STANDARD = gnu11;
				GCC_NO_COMMON_BLOCKS = YES;
				GCC_WARN_64_TO_32_BIT_CONVERSION = YES;
				GCC_WARN_ABOUT_RETURN_TYPE = YES_ERROR;
				GCC_WARN_UNDECLARED_SELECTOR = YES;
				GCC_WARN_UNINITIALIZED_AUTOS = YES_AGGRESSIVE;
				GCC_WARN_UNUSED_FUNCTION = YES;
				GCC_WARN_UNUSED_VARIABLE = YES;
				IPHONEOS_DEPLOYMENT_TARGET = 14.5;
				MTL_ENABLE_DEBUG_INFO = NO;
				MTL_FAST_MATH = YES;
				SDKROOT = iphoneos;
				SWIFT_COMPILATION_MODE = wholemodule;
				SWIFT_OPTIMIZATION_LEVEL = "-O";
				VALIDATE_PRODUCT = YES;
			};
			name = Release;
		};
		1DE4E5D6270A5CD0004A30CA /* Debug */ = {
			isa = XCBuildConfiguration;
			buildSettings = {
				ASSETCATALOG_COMPILER_APPICON_NAME = AppIcon;
				ASSETCATALOG_COMPILER_GLOBAL_ACCENT_COLOR_NAME = AccentColor;
				CODE_SIGN_IDENTITY = "Apple Development";
				CODE_SIGN_STYLE = Automatic;
				DEVELOPMENT_TEAM = 3PR45WW6CK;
				INFOPLIST_FILE = "$(SRCROOT)/Resurces/Info.plist";
				IPHONEOS_DEPLOYMENT_TARGET = 13.0;
				LD_RUNPATH_SEARCH_PATHS = (
					"$(inherited)",
					"@executable_path/Frameworks",
				);
				PRODUCT_BUNDLE_IDENTIFIER = co.feip.fefuactivity;
				PRODUCT_NAME = "$(TARGET_NAME)";
				PROVISIONING_PROFILE_SPECIFIER = "";
				SWIFT_VERSION = 5.0;
				TARGETED_DEVICE_FAMILY = 1;
			};
			name = Debug;
		};
		1DE4E5D7270A5CD0004A30CA /* Release */ = {
			isa = XCBuildConfiguration;
			buildSettings = {
				ASSETCATALOG_COMPILER_APPICON_NAME = AppIcon;
				ASSETCATALOG_COMPILER_GLOBAL_ACCENT_COLOR_NAME = AccentColor;
				CODE_SIGN_IDENTITY = "Apple Development";
				CODE_SIGN_STYLE = Automatic;
				DEVELOPMENT_TEAM = 3PR45WW6CK;
				INFOPLIST_FILE = "$(SRCROOT)/Resurces/Info.plist";
				IPHONEOS_DEPLOYMENT_TARGET = 13.0;
				LD_RUNPATH_SEARCH_PATHS = (
					"$(inherited)",
					"@executable_path/Frameworks",
				);
				PRODUCT_BUNDLE_IDENTIFIER = co.feip.fefuactivity;
				PRODUCT_NAME = "$(TARGET_NAME)";
				PROVISIONING_PROFILE_SPECIFIER = "";
				SWIFT_VERSION = 5.0;
				TARGETED_DEVICE_FAMILY = 1;
			};
			name = Release;
		};
/* End XCBuildConfiguration section */

/* Begin XCConfigurationList section */
		1DE4E5BC270A5CCE004A30CA /* Build configuration list for PBXProject "fefuactivity" */ = {
			isa = XCConfigurationList;
			buildConfigurations = (
				1DE4E5D3270A5CD0004A30CA /* Debug */,
				1DE4E5D4270A5CD0004A30CA /* Release */,
			);
			defaultConfigurationIsVisible = 0;
			defaultConfigurationName = Release;
		};
		1DE4E5D5270A5CD0004A30CA /* Build configuration list for PBXNativeTarget "fefuactivity" */ = {
			isa = XCConfigurationList;
			buildConfigurations = (
				1DE4E5D6270A5CD0004A30CA /* Debug */,
				1DE4E5D7270A5CD0004A30CA /* Release */,
			);
			defaultConfigurationIsVisible = 0;
			defaultConfigurationName = Release;
		};
/* End XCConfigurationList section */

/* Begin XCVersionGroup section */
		6E8F27FA284878AA00C5575B /* fefuactivity.xcdatamodeld */ = {
			isa = XCVersionGroup;
			children = (
				6E8F27FB284878AA00C5575B /* fefuactivity.xcdatamodel */,
			);
			currentVersion = 6E8F27FB284878AA00C5575B /* fefuactivity.xcdatamodel */;
			path = fefuactivity.xcdatamodeld;
			sourceTree = "<group>";
			versionGroupType = wrapper.xcdatamodel;
		};
/* End XCVersionGroup section */
	};
	rootObject = 1DE4E5B9270A5CCE004A30CA /* Project object */;
}
